
Microsoft Visual Studio Solution File, Format Version 12.00
# Visual Studio Version 16
VisualStudioVersion = 16.0.30711.63
MinimumVisualStudioVersion = 10.0.40219.1
Project("{9A19103F-16F7-4668-BE54-9A1E7A4F7556}") = "SadConsole", "..\SadConsole\SadConsole\SadConsole.csproj", "{02829A9C-E651-47B3-8F2F-0AE0A24B85B9}"
EndProject
Project("{9A19103F-16F7-4668-BE54-9A1E7A4F7556}") = "TheSadRogue.Integration.Debug", "..\TheSadRogue.Integration.Debug\TheSadRogue.Integration\TheSadRogue.Integration.Debug.csproj", "{153EFD8E-EDB7-4930-BD26-BF79DFDA1EAF}"
EndProject
Project("{9A19103F-16F7-4668-BE54-9A1E7A4F7556}") = "Roguelike2 - Debug", "Roguelike2\Roguelike2 - Debug.csproj", "{A9BCF1D2-0440-4B97-8C9F-589FCD33C45F}"
EndProject
Global
	GlobalSection(SolutionConfigurationPlatforms) = preSolution
		Debug|Any CPU = Debug|Any CPU
		Release|Any CPU = Release|Any CPU
	EndGlobalSection
	GlobalSection(ProjectConfigurationPlatforms) = postSolution
		{02829A9C-E651-47B3-8F2F-0AE0A24B85B9}.Debug|Any CPU.ActiveCfg = Debug|Any CPU
		{02829A9C-E651-47B3-8F2F-0AE0A24B85B9}.Debug|Any CPU.Build.0 = Debug|Any CPU
		{02829A9C-E651-47B3-8F2F-0AE0A24B85B9}.Release|Any CPU.ActiveCfg = Release|Any CPU
		{02829A9C-E651-47B3-8F2F-0AE0A24B85B9}.Release|Any CPU.Build.0 = Release|Any CPU
		{153EFD8E-EDB7-4930-BD26-BF79DFDA1EAF}.Debug|Any CPU.ActiveCfg = Debug|Any CPU
		{153EFD8E-EDB7-4930-BD26-BF79DFDA1EAF}.Debug|Any CPU.Build.0 = Debug|Any CPU
		{153EFD8E-EDB7-4930-BD26-BF79DFDA1EAF}.Release|Any CPU.ActiveCfg = Release|Any CPU
		{153EFD8E-EDB7-4930-BD26-BF79DFDA1EAF}.Release|Any CPU.Build.0 = Release|Any CPU
		{A9BCF1D2-0440-4B97-8C9F-589FCD33C45F}.Debug|Any CPU.ActiveCfg = Debug|Any CPU
		{A9BCF1D2-0440-4B97-8C9F-589FCD33C45F}.Debug|Any CPU.Build.0 = Debug|Any CPU
		{A9BCF1D2-0440-4B97-8C9F-589FCD33C45F}.Release|Any CPU.ActiveCfg = Release|Any CPU
		{A9BCF1D2-0440-4B97-8C9F-589FCD33C45F}.Release|Any CPU.Build.0 = Release|Any CPU
	EndGlobalSection
	GlobalSection(SolutionProperties) = preSolution
		HideSolutionNode = FALSE
	EndGlobalSection
	GlobalSection(ExtensibilityGlobals) = postSolution
		SolutionGuid = {8BA4B7CA-1C86-4D80-B866-0C02ADE62B0C}
	EndGlobalSection
EndGlobal
